
Microsoft Visual Studio Solution File, Format Version 12.00
# 
Project("{FAE04EC0-301F-11D3-BF4B-00C04F79EFBC}") = "JamReadyExplorer", "JamReadyExplorer\JamReadyExplorer.csproj", "{853933AB-A84D-490E-9F34-1A2CC21D1E83}"
EndProject
Project("{FAE04EC0-301F-11D3-BF4B-00C04F79EFBC}") = "Plugin_FileManager", "Plugin_FileManager\Plugin_FileManager.csproj", "{F771746D-7E5B-49EB-9480-7485AAFBA26D}"
EndProject
Project("{FAE04EC0-301F-11D3-BF4B-00C04F79EFBC}") = "Plugin_Workspace", "Plugin_Workspace\Plugin_Workspace.csproj", "{6EB5878D-1AAE-42B4-ABD7-7287D58DB064}"
EndProject
Global
	GlobalSection(SolutionConfigurationPlatforms) = preSolution
		Debug|Any CPU = Debug|Any CPU
		Release|Any CPU = Release|Any CPU
	EndGlobalSection
	GlobalSection(ProjectConfigurationPlatforms) = postSolution
		{853933AB-A84D-490E-9F34-1A2CC21D1E83}.Debug|Any CPU.ActiveCfg = Debug|Any CPU
		{853933AB-A84D-490E-9F34-1A2CC21D1E83}.Debug|Any CPU.Build.0 = Debug|Any CPU
		{853933AB-A84D-490E-9F34-1A2CC21D1E83}.Release|Any CPU.ActiveCfg = Release|Any CPU
		{853933AB-A84D-490E-9F34-1A2CC21D1E83}.Release|Any CPU.Build.0 = Release|Any CPU
		{F771746D-7E5B-49EB-9480-7485AAFBA26D}.Debug|Any CPU.ActiveCfg = Debug|Any CPU
		{F771746D-7E5B-49EB-9480-7485AAFBA26D}.Debug|Any CPU.Build.0 = Debug|Any CPU
		{F771746D-7E5B-49EB-9480-7485AAFBA26D}.Release|Any CPU.ActiveCfg = Release|Any CPU
		{F771746D-7E5B-49EB-9480-7485AAFBA26D}.Release|Any CPU.Build.0 = Release|Any CPU
		{6EB5878D-1AAE-42B4-ABD7-7287D58DB064}.Debug|Any CPU.ActiveCfg = Debug|Any CPU
		{6EB5878D-1AAE-42B4-ABD7-7287D58DB064}.Debug|Any CPU.Build.0 = Debug|Any CPU
		{6EB5878D-1AAE-42B4-ABD7-7287D58DB064}.Release|Any CPU.ActiveCfg = Release|Any CPU
		{6EB5878D-1AAE-42B4-ABD7-7287D58DB064}.Release|Any CPU.Build.0 = Release|Any CPU
	EndGlobalSection
EndGlobal
